
Microsoft Visual Studio Solution File, Format Version 12.00
Project("{FAE04EC0-301F-11D3-BF4B-00C04F79EFBC}") = "ArraysTests", "ArraysTests\ArraysTests.csproj", "{C3BCD670-7947-4048-B04D-765CC3F0BC0C}"
EndProject
Project("{FAE04EC0-301F-11D3-BF4B-00C04F79EFBC}") = "Arrays", "Arrays\Arrays.csproj", "{8D5CEC68-1CEE-4447-999A-CDD11D4F7C99}"
EndProject
Global
	GlobalSection(SolutionConfigurationPlatforms) = preSolution
		Debug|Any CPU = Debug|Any CPU
		Release|Any CPU = Release|Any CPU
	EndGlobalSection
	GlobalSection(ProjectConfigurationPlatforms) = postSolution
		{C3BCD670-7947-4048-B04D-765CC3F0BC0C}.Debug|Any CPU.ActiveCfg = Debug|Any CPU
		{C3BCD670-7947-4048-B04D-765CC3F0BC0C}.Debug|Any CPU.Build.0 = Debug|Any CPU
		{C3BCD670-7947-4048-B04D-765CC3F0BC0C}.Release|Any CPU.ActiveCfg = Release|Any CPU
		{C3BCD670-7947-4048-B04D-765CC3F0BC0C}.Release|Any CPU.Build.0 = Release|Any CPU
		{8D5CEC68-1CEE-4447-999A-CDD11D4F7C99}.Debug|Any CPU.ActiveCfg = Debug|Any CPU
		{8D5CEC68-1CEE-4447-999A-CDD11D4F7C99}.Debug|Any CPU.Build.0 = Debug|Any CPU
		{8D5CEC68-1CEE-4447-999A-CDD11D4F7C99}.Release|Any CPU.ActiveCfg = Release|Any CPU
		{8D5CEC68-1CEE-4447-999A-CDD11D4F7C99}.Release|Any CPU.Build.0 = Release|Any CPU
	EndGlobalSection
EndGlobal
